# This file was autogenerated by Stack.
# You should not edit this file by hand.
# For more information, please see the documentation at:
#   https://docs.haskellstack.org/en/stable/lock_files

packages:
- completed:
    hackage: resource-pool-0.3.1.0@sha256:dbaadfcc3c1be5391336e2016b28bb2d0c534f245ba9f5af5ed1d5125afc8c1a,1280
    pantry-tree:
      sha256: e2fc51ec2b5a126caab04688b40ec64fd6f7e3d9251e947a87c5ce3a6bc447bc
      size: 406
  original:
    hackage: resource-pool-0.3.1.0
- completed:
    hackage: postgresql-simple-0.6.4@sha256:081bdffa02b7d164bdda32d2ab79d681818bb71f3ecd14d83d60bca0f1585be1,5272
    pantry-tree:
      sha256: 2167369861c279fc99b2703e8a7cd924e64904fe0700778660eb835a9e73b2dc
      size: 4197
  original:
    hackage: postgresql-simple-0.6.4
- completed:
    hackage: dotenv-0.9.0.3@sha256:31f54d4878e57d0e61946ad946f3ba3b9798262905a4263ed47ed6a26bc602b3,5035
    pantry-tree:
      sha256: 082fd6198e4c1e1cb02cedf19e86ca50f00691fe43828c6a2d775a819323d61a
      size: 1161
  original:
    hackage: dotenv-0.9.0.3
- completed:
    hackage: shellwords-0.1.3.1@sha256:4dde2a0390b27e57e5facac9b1e67d5ec40df17054798eb07290d7982121d37d,2236
    pantry-tree:
      sha256: 75719c1173f63221ff64e6c3363cb84c77226accb5d8dd3988715449266d0ef3
      size: 497
  original:
    hackage: shellwords-0.1.3.1@sha256:4dde2a0390b27e57e5facac9b1e67d5ec40df17054798eb07290d7982121d37d,2236
- completed:
    hackage: clientsession-0.9.1.2@sha256:8a1a9099e9289103020af45079b5cfeb3c1b33c6d0fb7bd5a1d8abf985f69574,2356
    pantry-tree:
      sha256: eba87fdb07eaaeb3d03f488fa039dcfc68155fda2e8e67b498fc5eb0ff7d8dc7
      size: 547
  original:
    hackage: clientsession-0.9.1.2
- completed:
    hackage: beam-core-0.9.2.1@sha256:33b9a2bf40f4b3408a2c7b58d001d7cf133aa1e2c95b5c5d782838c6b989cf24,5282
    pantry-tree:
      sha256: 7b3445376c7505a048dfadbedfb33a8fba120f3f506e2ccb5a0300852d0fb360
      size: 2705
  original:
    hackage: beam-core-0.9.2.1
- completed:
    hackage: beam-postgres-0.5.2.1@sha256:5ba4fecca3a210790aa858e32469d126995c25f08dc89df267cf987301c2269f,4392
    pantry-tree:
      sha256: e665908580c2527887e40d9f504a1a1c6c923148698617f70e14bcf2658ee080
      size: 1693
  original:
    hackage: beam-postgres-0.5.2.1
- completed:
    hackage: ginger-0.10.4.0@sha256:7ca26896395fda951443ed3bba5f24fd6036c44167d424e744d1e0c8c6b138fd,3855
    pantry-tree:
      sha256: c3d93b51ba0e76853b217debb662cdcf5eca78288d49c809f823be27a072bfbf
      size: 1430
  original:
    hackage: ginger-0.10.4.0
- completed:
    hackage: password-3.0.1.0@sha256:69eef1d35a3d21e2346b4b1b6ac11b453a2c3e876d20c9596b747dccab303f94,4124
    pantry-tree:
      sha256: e722cf13cdaac866e632a3334d112406d63c82b36652fd55e23da45b85be7c7e
      size: 1224
  original:
    hackage: password-3.0.1.0
- completed:
    hackage: extra-1.7.12@sha256:3ac58d7341976173d1052e7b2837d119212d9afcf911735667c7f1ab67aec25f,2661
    pantry-tree:
      sha256: e6e3f5329f3ac67cb13246c7e632670a0222e0bbaa4ca85542847730d0421b64
      size: 1896
  original:
    hackage: extra-1.7.12
- completed:
    hackage: either-5.0.2@sha256:ea9311a1a9435f698b905239721083eb65ad3f3fbfaa89179e0cac875cc09262,1930
    pantry-tree:
      sha256: 6f399aca1b84f5145aa4f0a96a87f9db4548796be32931984105449c7a5f3c46
      size: 605
  original:
    hackage: either-5.0.2
- completed:
    hackage: transformers-0.5.6.2@sha256:6c959d14430f4deffb99579ba019de07c3d852a2122b6f449344386c7d75ff1d,3172
    pantry-tree:
      sha256: c79246ba7d61392c2f214376fed3c2a05e4b2649b93ec2c849a86493f278ace0
      size: 2512
  original:
    hackage: transformers-0.5.6.2@sha256:6c959d14430f4deffb99579ba019de07c3d852a2122b6f449344386c7d75ff1d,3172
- completed:
    hackage: parsec-3.1.15.1@sha256:8c7a36aaadff12a38817fc3c4ff6c87e3352cffd1a58df640de7ed7a97ad8fa3,4601
    pantry-tree:
      sha256: 147ad21b8aa90273721903a6b294cc4ecd660d229d88c4e84c6275bc5d630ae6
      size: 2630
  original:
    hackage: parsec-3.1.15.1@sha256:8c7a36aaadff12a38817fc3c4ff6c87e3352cffd1a58df640de7ed7a97ad8fa3,4601
- completed:
    hackage: mtl-2.2.2@sha256:1050fb71acd9f5d67da7d992583f5bd0eb14407b9dc7acc122af1b738b706ca3,2261
    pantry-tree:
      sha256: b8bdc2259e2f943a7252fb164805666fe108ac959d398e0af27b43ba2ebc241c
      size: 1713
  original:
    hackage: mtl-2.2.2@sha256:1050fb71acd9f5d67da7d992583f5bd0eb14407b9dc7acc122af1b738b706ca3,2261
- completed:
    hackage: Cabal-3.6.3.0@sha256:ff97c442b0c679c1c9876acd15f73ac4f602b973c45bde42b43ec28265ee48f4,12459
    pantry-tree:
      sha256: b250a53bdb56844f047a2927833bb565b936a289abfa85dfc2a63148d776368a
      size: 19757
  original:
    hackage: Cabal-3.6.3.0@sha256:ff97c442b0c679c1c9876acd15f73ac4f602b973c45bde42b43ec28265ee48f4,12459
- completed:
    hackage: exceptions-0.10.5@sha256:b2c634a95ba2a68e0df3ae67d006f0dabb02edbe4dc77b321133551e308ca047,2832
    pantry-tree:
      sha256: 55b1a4123104e57b5e72b1c5354408807beded8a52ff1900521fed7007812715
      size: 738
  original:
    hackage: exceptions-0.10.5@sha256:b2c634a95ba2a68e0df3ae67d006f0dabb02edbe4dc77b321133551e308ca047,2832
- completed:
    hackage: split-0.2.3.5@sha256:f472fa7019647cacac3267742a6f7ac0a5c816f9890e80e4b826cd937436de87,2646
    pantry-tree:
      sha256: 516449cf535bbfc78cf1a5795d28dd1e0f19b65a07c33a78b45566101fecc534
      size: 439
  original:
    hackage: split-0.2.3.5
snapshots:
- completed:
    sha256: a27a5761890ade44d7dd21a5f5f93c87e60b9c063655fff835d69dd1071474f0
    size: 619163
    url: https://raw.githubusercontent.com/commercialhaskell/stackage-snapshots/master/lts/19/16.yaml
  original: lts-19.16
